
Microsoft Visual Studio Solution File, Format Version 12.00
# Visual Studio 15
VisualStudioVersion = 15.0.27703.2042
MinimumVisualStudioVersion = 10.0.40219.1
Project("{FAE04EC0-301F-11D3-BF4B-00C04F79EFBC}") = "ContractApp", "ContractApp\ContractApp.csproj", "{5219EA24-7016-4C24-B9E0-1E8EEACD0D9F}"
EndProject
Global
	GlobalSection(SolutionConfigurationPlatforms) = preSolution
		Debug|Any CPU = Debug|Any CPU
		Release|Any CPU = Release|Any CPU
	EndGlobalSection
	GlobalSection(ProjectConfigurationPlatforms) = postSolution
		{5219EA24-7016-4C24-B9E0-1E8EEACD0D9F}.Debug|Any CPU.ActiveCfg = Debug|Any CPU
		{5219EA24-7016-4C24-B9E0-1E8EEACD0D9F}.Debug|Any CPU.Build.0 = Debug|Any CPU
		{5219EA24-7016-4C24-B9E0-1E8EEACD0D9F}.Release|Any CPU.ActiveCfg = Release|Any CPU
		{5219EA24-7016-4C24-B9E0-1E8EEACD0D9F}.Release|Any CPU.Build.0 = Release|Any CPU
	EndGlobalSection
	GlobalSection(SolutionProperties) = preSolution
		HideSolutionNode = FALSE
	EndGlobalSection
	GlobalSection(ExtensibilityGlobals) = postSolution
		SolutionGuid = {3015307D-AD67-4E15-B5D2-7C73A8B97E28}
	EndGlobalSection
EndGlobal
